version: 1.0
shards:
  baked_file_system:
    github: schovi/baked_file_system
    commit: e1447549d5ac0560720fae62179b2f2c62c9bfd1

  exception_page:
    github: crystal-loot/exception_page
    version: 0.1.2

  kemal:
    github: kemalcr/kemal
    commit: 45a508c27dfde112000e027daa6fdc6c2e8f529b

  kemal-csrf:
    github: kemalcr/kemal-csrf
    version: 0.5.0

  kemal-session:
    github: kemalcr/kemal-session
    commit: a16f164d3dcfc6e720d566f9085285abdd5b7825

  kilt:
    github: jeromegn/kilt
    version: 0.4.0

  pool:
    github: ysbaddaden/pool
    version: 0.2.3

  radix:
    github: luislavena/radix
    version: 0.3.9

  redis:
    github: stefanwille/crystal-redis
    version: 2.1.1

  sidekiq:
    github: mperham/sidekiq.cr
    commit: bbbbadd872989cc109c4fc74581b92d6c16f728e

